
Microsoft Visual Studio Solution File, Format Version 12.00
Project("{FAE04EC0-301F-11D3-BF4B-00C04F79EFBC}") = "ToDoNotesCW", "ToDoNotesCW\ToDoNotesCW.csproj", "{39A1E56D-0A10-4235-931F-ED3D253D9ED5}"
EndProject
Global
	GlobalSection(SolutionConfigurationPlatforms) = preSolution
		Debug|Any CPU = Debug|Any CPU
		Release|Any CPU = Release|Any CPU
	EndGlobalSection
	GlobalSection(ProjectConfigurationPlatforms) = postSolution
		{39A1E56D-0A10-4235-931F-ED3D253D9ED5}.Debug|Any CPU.ActiveCfg = Debug|Any CPU
		{39A1E56D-0A10-4235-931F-ED3D253D9ED5}.Debug|Any CPU.Build.0 = Debug|Any CPU
		{39A1E56D-0A10-4235-931F-ED3D253D9ED5}.Release|Any CPU.ActiveCfg = Release|Any CPU
		{39A1E56D-0A10-4235-931F-ED3D253D9ED5}.Release|Any CPU.Build.0 = Release|Any CPU
	EndGlobalSection
EndGlobal
